Microsoft Visual Studio Solution File, Format Version 11.00
# Visual Studio 2008

Project("{67302888-426C-3E40-DFED-54A7A0C74564}") = "unity_tutor", "Assembly-CSharp.csproj", "{AD913E8F-7E00-AFB4-EDFA-3A6367655372}"
EndProject
Global
	GlobalSection(SolutionConfigurationPlatforms) = preSolution
		Debug|Any CPU = Debug|Any CPU
		Release|Any CPU = Release|Any CPU
	EndGlobalSection
	GlobalSection(ProjectConfigurationPlatforms) = postSolution
		{AD913E8F-7E00-AFB4-EDFA-3A6367655372}.Debug|Any CPU.ActiveCfg = Debug|Any CPU
		{AD913E8F-7E00-AFB4-EDFA-3A6367655372}.Debug|Any CPU.Build.0 = Debug|Any CPU
		{AD913E8F-7E00-AFB4-EDFA-3A6367655372}.Release|Any CPU.ActiveCfg = Release|Any CPU
		{AD913E8F-7E00-AFB4-EDFA-3A6367655372}.Release|Any CPU.Build.0 = Release|Any CPU
	EndGlobalSection
	GlobalSection(SolutionProperties) = preSolution
		HideSolutionNode = FALSE
	EndGlobalSection
	GlobalSection(MonoDevelopProperties) = preSolution
		StartupItem = Assembly-CSharp.csproj
	EndGlobalSection
EndGlobal
